# THIS IS AN AUTOGENERATED FILE. DO NOT EDIT THIS FILE DIRECTLY.
# yarn lockfile v1


"@alumna/reflect@^1.0.5":
  version "1.0.5"
  resolved "https://registry.yarnpkg.com/@alumna/reflect/-/reflect-1.0.5.tgz#b8ea84a86192a169f878635dff28e52616f42013"
  integrity sha512-LXoJQlILbERJOtFRJlAYO9najItVlMelVlTpWa6Y+irwXHa/5RoY6lOEON79SoupryEmaU5Qe0n07r3MLVb97w==
