# THIS IS AN AUTOGENERATED FILE. DO NOT EDIT THIS FILE DIRECTLY.
# yarn lockfile v1


"@alumna/reflect@^1.0.5":
  version "1.0.5"
  resolved "https://registry.yarnpkg.com/@alumna/reflect/-/reflect-1.0.5.tgz#b8ea84a86192a169f878635dff28e52616f42013"
  integrity sha512-LXoJQlILbERJOtFRJlAYO9najItVlMelVlTpWa6Y+irwXHa/5RoY6lOEON79SoupryEmaU5Qe0n07r3MLVb97w==

parse5-utils@^2.0.0:
  version "2.0.0"
  resolved "https://registry.yarnpkg.com/parse5-utils/-/parse5-utils-2.0.0.tgz#c926c1764e2431a450a5941f302db9beaec9d78a"
  integrity sha512-FkmkatHahuLI+q1unkoCSRj89E6TqSJWNZfUGQ1mKKS2xtVeYZKdWPJhw3dWQPANdNyX+7fIoCT/qthCFeHzOQ==
  dependencies:
    parse5 "^2.2.1"

parse5@^2.2.1:
  version "2.2.3"
  resolved "https://registry.yarnpkg.com/parse5/-/parse5-2.2.3.tgz#0c4fc41c1000c5e6b93d48b03f8083837834e9f6"
  integrity sha512-yJQdbcT+hCt6HD+BuuUvjHUdNwerQIKSJSm7tXjtp6oIH5Mxbzlt/VIIeWxblsgcDt1+E7kxPeilD5McWswStA==
